{
  "version": 4,
  "terraform_version": "1.7.3",
  "serial": 70,
  "lineage": "7aca2b00-a321-cddd-2dce-cfe30305e9df",
  "outputs": {},
  "resources": [
    {
      "mode": "managed",
      "type": "proxmox_vm_qemu",
      "name": "mkk8scontrol",
      "provider": "provider[\"registry.opentofu.org/telmate/proxmox\"]",
      "instances": [
        {
          "index_key": 0,
          "schema_version": 0,
          "attributes": {
            "additional_wait": 5,
            "agent": 1,
            "agent_timeout": null,
            "args": "",
            "automatic_reboot": true,
            "balloon": 0,
            "bios": "seabios",
            "boot": "order=scsi0",
            "bootdisk": "",
            "ci_wait": null,
            "cicustom": "",
            "cipassword": "metaman",
            "ciuser": "metaman",
            "clone": "debian-12-cloudinit-template-mk",
            "clone_wait": 10,
            "cores": 4,
            "cpu": "host",
            "default_ipv4_address": "192.168.1.50",
            "default_ipv6_address": "",
            "define_connection_info": true,
            "desc": "k8s Control Plane",
            "disks": [
              {
                "ide": [
                  {
                    "ide0": [],
                    "ide1": [],
                    "ide2": [],
                    "ide3": [
                      {
                        "cdrom": [],
                        "cloudinit": [
                          {
                            "storage": "local-lvm"
                          }
                        ],
                        "disk": [],
                        "passthrough": []
                      }
                    ]
                  }
                ],
                "sata": [],
                "scsi": [
                  {
                    "scsi0": [
                      {
                        "cdrom": [],
                        "cloudinit": [],
                        "disk": [
                          {
                            "asyncio": "",
                            "backup": true,
                            "cache": "",
                            "discard": false,
                            "emulatessd": false,
                            "format": "raw",
                            "id": 0,
                            "iops_r_burst": 0,
                            "iops_r_burst_length": 0,
                            "iops_r_concurrent": 0,
                            "iops_wr_burst": 0,
                            "iops_wr_burst_length": 0,
                            "iops_wr_concurrent": 0,
                            "iothread": false,
                            "linked_disk_id": -1,
                            "mbps_r_burst": 0,
                            "mbps_r_concurrent": 0,
                            "mbps_wr_burst": 0,
                            "mbps_wr_concurrent": 0,
                            "readonly": false,
                            "replicate": false,
                            "serial": "",
                            "size": "64G",
                            "storage": "zfslocalseagate",
                            "wwn": ""
                          }
                        ],
                        "passthrough": []
                      }
                    ],
                    "scsi1": [],
                    "scsi10": [],
                    "scsi11": [],
                    "scsi12": [],
                    "scsi13": [],
                    "scsi14": [],
                    "scsi15": [],
                    "scsi16": [],
                    "scsi17": [],
                    "scsi18": [],
                    "scsi19": [],
                    "scsi2": [],
                    "scsi20": [],
                    "scsi21": [],
                    "scsi22": [],
                    "scsi23": [],
                    "scsi24": [],
                    "scsi25": [],
                    "scsi26": [],
                    "scsi27": [],
                    "scsi28": [],
                    "scsi29": [],
                    "scsi3": [],
                    "scsi30": [],
                    "scsi4": [],
                    "scsi5": [],
                    "scsi6": [],
                    "scsi7": [],
                    "scsi8": [],
                    "scsi9": []
                  }
                ],
                "virtio": []
              }
            ],
            "efidisk": [],
            "force_create": false,
            "force_recreate_on_change_of": null,
            "full_clone": true,
            "hagroup": "",
            "hastate": "",
            "hostpci": [],
            "hotplug": "network,disk",
            "id": "pvezfs/qemu/1000",
            "ipconfig0": "ip=192.168.1.50/24,gw=192.168.1.1",
            "ipconfig1": "",
            "ipconfig10": "",
            "ipconfig11": "",
            "ipconfig12": "",
            "ipconfig13": "",
            "ipconfig14": "",
            "ipconfig15": "",
            "ipconfig2": "",
            "ipconfig3": "",
            "ipconfig4": "",
            "ipconfig5": "",
            "ipconfig6": "",
            "ipconfig7": "",
            "ipconfig8": "",
            "ipconfig9": "",
            "kvm": true,
            "linked_vmid": 0,
            "machine": "",
            "memory": 8192,
            "name": "mkcontrol1",
            "nameserver": "192.168.1.1",
            "network": [
              {
                "bridge": "vmbr3",
                "firewall": false,
                "link_down": false,
                "macaddr": "A2:82:4B:85:1B:51",
                "model": "virtio",
                "mtu": 0,
                "queues": 0,
                "rate": 0,
                "tag": -1
              }
            ],
            "numa": false,
            "onboot": true,
            "os_network_config": null,
            "os_type": "cloud-init",
            "pool": "",
            "protection": false,
            "pxe": null,
            "qemu_os": "other",
            "reboot_required": false,
            "scsihw": "virtio-scsi-pci",
            "searchdomain": "",
            "serial": [],
            "skip_ipv4": false,
            "skip_ipv6": false,
            "smbios": [
              {
                "family": "",
                "manufacturer": "",
                "product": "",
                "serial": "",
                "sku": "",
                "uuid": "76b8957e-cfc7-479d-8817-3baa3d919e04",
                "version": ""
              }
            ],
            "sockets": 1,
            "ssh_forward_ip": null,
            "ssh_host": "192.168.1.50",
            "ssh_port": "22",
            "ssh_private_key": null,
            "ssh_user": null,
            "sshkeys": "ssh-rsa AAAAB3NzaC1yc2EAAAADAQABAAACAQDPfzPJ2VnRkd6sjXWHZZCAmVR0UiI7xsM/+5TAvqXvx/EWq2augVk75D30/yU9gBbvn1WZzvN5MtnX7MY9Uoy2GmVbrmB6X4P/RBl7mg/xff7FuTS/2CmH5peU1iU/r3t5E1d/Qph2zhoVEj5Qs5Y8Mv2/FVIeKgd+S6MTjy/yEJr1GXq3WqpKJTZwZ428zIgF55rJdWk0q9GQyPRBvpik+FfG5YNum5KN1lp+2YzbS2CM1igXfwK1c1rjkMFTgApru7G6W+zgSv9ngib0MtBKK6dcR2HXj6dA9ZPIM1pePiBPNlYOEKQWrVBpg21oDj/8LEqe8/Rc8s+fH0z4JX7/PdPKrIQsF04/Zp0Ylj4qcDS3vVXDi7FEPA5/rf/LswBTT5kANVzC2vwscH1PielvsfdHgJv0SEs4vWnrjuacwMBKC2Zq8uvPRfYJ8Md3gCHGnkfp/A8c7vC5JL19/EIwPuD+2HOmIeS02ZqEn5RCHJxiNx3P7Pp+gcJowCgFtfnx+lQrxNwazlDWNC8H+VYiZ7tJ7EELPo76KbD7kYsdOJfDKcEnShlwq8WhpVNBB4mW1fYcFwzAqYw+/QgrEBV4kEryNQZdhisvEQLGqQ4AOCeFJ8iiFg0ihZ+agUJlzq7gUA4ysenEHfPMPXg/TAoBlZSS5Yl+es+DYAoZdSmHIQ== root@mkcode\n\n",
            "startup": "",
            "tablet": true,
            "tags": "",
            "target_node": "pvezfs",
            "target_nodes": null,
            "timeouts": null,
            "unused_disk": [],
            "usb": [],
            "vcpus": 0,
            "vga": [
              {
                "memory": null,
                "type": "std"
              }
            ],
            "vm_state": "running",
            "vmid": 1000
          },
          "sensitive_attributes": [],
          "private": "eyJlMmJmYjczMC1lY2FhLTExZTYtOGY4OC0zNDM2M2JjN2M0YzAiOnsiY3JlYXRlIjoxMjAwMDAwMDAwMDAwLCJkZWZhdWx0IjoxMjAwMDAwMDAwMDAwLCJkZWxldGUiOjEyMDAwMDAwMDAwMDAsInJlYWQiOjEyMDAwMDAwMDAwMDAsInVwZGF0ZSI6MTIwMDAwMDAwMDAwMH19"
        },
        {
          "index_key": 1,
          "schema_version": 0,
          "attributes": {
            "additional_wait": 5,
            "agent": 1,
            "agent_timeout": null,
            "args": "",
            "automatic_reboot": true,
            "balloon": 0,
            "bios": "seabios",
            "boot": "order=scsi0",
            "bootdisk": "",
            "ci_wait": null,
            "cicustom": "",
            "cipassword": "metaman",
            "ciuser": "metaman",
            "clone": "debian-12-cloudinit-template-mk",
            "clone_wait": 10,
            "cores": 4,
            "cpu": "host",
            "default_ipv4_address": "192.168.1.51",
            "default_ipv6_address": "",
            "define_connection_info": true,
            "desc": "k8s Control Plane",
            "disks": [
              {
                "ide": [
                  {
                    "ide0": [],
                    "ide1": [],
                    "ide2": [],
                    "ide3": [
                      {
                        "cdrom": [],
                        "cloudinit": [
                          {
                            "storage": "local-lvm"
                          }
                        ],
                        "disk": [],
                        "passthrough": []
                      }
                    ]
                  }
                ],
                "sata": [],
                "scsi": [
                  {
                    "scsi0": [
                      {
                        "cdrom": [],
                        "cloudinit": [],
                        "disk": [
                          {
                            "asyncio": "",
                            "backup": true,
                            "cache": "",
                            "discard": false,
                            "emulatessd": false,
                            "format": "raw",
                            "id": 0,
                            "iops_r_burst": 0,
                            "iops_r_burst_length": 0,
                            "iops_r_concurrent": 0,
                            "iops_wr_burst": 0,
                            "iops_wr_burst_length": 0,
                            "iops_wr_concurrent": 0,
                            "iothread": false,
                            "linked_disk_id": -1,
                            "mbps_r_burst": 0,
                            "mbps_r_concurrent": 0,
                            "mbps_wr_burst": 0,
                            "mbps_wr_concurrent": 0,
                            "readonly": false,
                            "replicate": false,
                            "serial": "",
                            "size": "64G",
                            "storage": "zfslocalseagate",
                            "wwn": ""
                          }
                        ],
                        "passthrough": []
                      }
                    ],
                    "scsi1": [],
                    "scsi10": [],
                    "scsi11": [],
                    "scsi12": [],
                    "scsi13": [],
                    "scsi14": [],
                    "scsi15": [],
                    "scsi16": [],
                    "scsi17": [],
                    "scsi18": [],
                    "scsi19": [],
                    "scsi2": [],
                    "scsi20": [],
                    "scsi21": [],
                    "scsi22": [],
                    "scsi23": [],
                    "scsi24": [],
                    "scsi25": [],
                    "scsi26": [],
                    "scsi27": [],
                    "scsi28": [],
                    "scsi29": [],
                    "scsi3": [],
                    "scsi30": [],
                    "scsi4": [],
                    "scsi5": [],
                    "scsi6": [],
                    "scsi7": [],
                    "scsi8": [],
                    "scsi9": []
                  }
                ],
                "virtio": []
              }
            ],
            "efidisk": [],
            "force_create": false,
            "force_recreate_on_change_of": null,
            "full_clone": true,
            "hagroup": "",
            "hastate": "",
            "hostpci": [],
            "hotplug": "network,disk",
            "id": "pvezfs/qemu/1001",
            "ipconfig0": "ip=192.168.1.51/24,gw=192.168.1.1",
            "ipconfig1": "",
            "ipconfig10": "",
            "ipconfig11": "",
            "ipconfig12": "",
            "ipconfig13": "",
            "ipconfig14": "",
            "ipconfig15": "",
            "ipconfig2": "",
            "ipconfig3": "",
            "ipconfig4": "",
            "ipconfig5": "",
            "ipconfig6": "",
            "ipconfig7": "",
            "ipconfig8": "",
            "ipconfig9": "",
            "kvm": true,
            "linked_vmid": 0,
            "machine": "",
            "memory": 8192,
            "name": "mkcontrol2",
            "nameserver": "192.168.1.1",
            "network": [
              {
                "bridge": "vmbr3",
                "firewall": false,
                "link_down": false,
                "macaddr": "FE:8A:74:E4:7B:C1",
                "model": "virtio",
                "mtu": 0,
                "queues": 0,
                "rate": 0,
                "tag": -1
              }
            ],
            "numa": false,
            "onboot": true,
            "os_network_config": null,
            "os_type": "cloud-init",
            "pool": "",
            "protection": false,
            "pxe": null,
            "qemu_os": "other",
            "reboot_required": false,
            "scsihw": "virtio-scsi-pci",
            "searchdomain": "",
            "serial": [],
            "skip_ipv4": false,
            "skip_ipv6": false,
            "smbios": [
              {
                "family": "",
                "manufacturer": "",
                "product": "",
                "serial": "",
                "sku": "",
                "uuid": "80920d5f-7714-4f14-aecd-4ff66592b3f1",
                "version": ""
              }
            ],
            "sockets": 1,
            "ssh_forward_ip": null,
            "ssh_host": "192.168.1.51",
            "ssh_port": "22",
            "ssh_private_key": null,
            "ssh_user": null,
            "sshkeys": "ssh-rsa AAAAB3NzaC1yc2EAAAADAQABAAACAQDPfzPJ2VnRkd6sjXWHZZCAmVR0UiI7xsM/+5TAvqXvx/EWq2augVk75D30/yU9gBbvn1WZzvN5MtnX7MY9Uoy2GmVbrmB6X4P/RBl7mg/xff7FuTS/2CmH5peU1iU/r3t5E1d/Qph2zhoVEj5Qs5Y8Mv2/FVIeKgd+S6MTjy/yEJr1GXq3WqpKJTZwZ428zIgF55rJdWk0q9GQyPRBvpik+FfG5YNum5KN1lp+2YzbS2CM1igXfwK1c1rjkMFTgApru7G6W+zgSv9ngib0MtBKK6dcR2HXj6dA9ZPIM1pePiBPNlYOEKQWrVBpg21oDj/8LEqe8/Rc8s+fH0z4JX7/PdPKrIQsF04/Zp0Ylj4qcDS3vVXDi7FEPA5/rf/LswBTT5kANVzC2vwscH1PielvsfdHgJv0SEs4vWnrjuacwMBKC2Zq8uvPRfYJ8Md3gCHGnkfp/A8c7vC5JL19/EIwPuD+2HOmIeS02ZqEn5RCHJxiNx3P7Pp+gcJowCgFtfnx+lQrxNwazlDWNC8H+VYiZ7tJ7EELPo76KbD7kYsdOJfDKcEnShlwq8WhpVNBB4mW1fYcFwzAqYw+/QgrEBV4kEryNQZdhisvEQLGqQ4AOCeFJ8iiFg0ihZ+agUJlzq7gUA4ysenEHfPMPXg/TAoBlZSS5Yl+es+DYAoZdSmHIQ== root@mkcode\n\n",
            "startup": "",
            "tablet": true,
            "tags": "",
            "target_node": "pvezfs",
            "target_nodes": null,
            "timeouts": null,
            "unused_disk": [],
            "usb": [],
            "vcpus": 0,
            "vga": [
              {
                "memory": null,
                "type": "std"
              }
            ],
            "vm_state": "running",
            "vmid": 1001
          },
          "sensitive_attributes": [],
          "private": "eyJlMmJmYjczMC1lY2FhLTExZTYtOGY4OC0zNDM2M2JjN2M0YzAiOnsiY3JlYXRlIjoxMjAwMDAwMDAwMDAwLCJkZWZhdWx0IjoxMjAwMDAwMDAwMDAwLCJkZWxldGUiOjEyMDAwMDAwMDAwMDAsInJlYWQiOjEyMDAwMDAwMDAwMDAsInVwZGF0ZSI6MTIwMDAwMDAwMDAwMH19"
        },
        {
          "index_key": 2,
          "schema_version": 0,
          "attributes": {
            "additional_wait": 5,
            "agent": 1,
            "agent_timeout": null,
            "args": "",
            "automatic_reboot": true,
            "balloon": 0,
            "bios": "seabios",
            "boot": "order=scsi0",
            "bootdisk": "",
            "ci_wait": null,
            "cicustom": "",
            "cipassword": "metaman",
            "ciuser": "metaman",
            "clone": "debian-12-cloudinit-template-mk",
            "clone_wait": 10,
            "cores": 4,
            "cpu": "host",
            "default_ipv4_address": "192.168.1.52",
            "default_ipv6_address": "",
            "define_connection_info": true,
            "desc": "k8s Control Plane",
            "disks": [
              {
                "ide": [
                  {
                    "ide0": [],
                    "ide1": [],
                    "ide2": [],
                    "ide3": [
                      {
                        "cdrom": [],
                        "cloudinit": [
                          {
                            "storage": "local-lvm"
                          }
                        ],
                        "disk": [],
                        "passthrough": []
                      }
                    ]
                  }
                ],
                "sata": [],
                "scsi": [
                  {
                    "scsi0": [
                      {
                        "cdrom": [],
                        "cloudinit": [],
                        "disk": [
                          {
                            "asyncio": "",
                            "backup": true,
                            "cache": "",
                            "discard": false,
                            "emulatessd": false,
                            "format": "raw",
                            "id": 0,
                            "iops_r_burst": 0,
                            "iops_r_burst_length": 0,
                            "iops_r_concurrent": 0,
                            "iops_wr_burst": 0,
                            "iops_wr_burst_length": 0,
                            "iops_wr_concurrent": 0,
                            "iothread": false,
                            "linked_disk_id": -1,
                            "mbps_r_burst": 0,
                            "mbps_r_concurrent": 0,
                            "mbps_wr_burst": 0,
                            "mbps_wr_concurrent": 0,
                            "readonly": false,
                            "replicate": false,
                            "serial": "",
                            "size": "64G",
                            "storage": "zfslocalseagate",
                            "wwn": ""
                          }
                        ],
                        "passthrough": []
                      }
                    ],
                    "scsi1": [],
                    "scsi10": [],
                    "scsi11": [],
                    "scsi12": [],
                    "scsi13": [],
                    "scsi14": [],
                    "scsi15": [],
                    "scsi16": [],
                    "scsi17": [],
                    "scsi18": [],
                    "scsi19": [],
                    "scsi2": [],
                    "scsi20": [],
                    "scsi21": [],
                    "scsi22": [],
                    "scsi23": [],
                    "scsi24": [],
                    "scsi25": [],
                    "scsi26": [],
                    "scsi27": [],
                    "scsi28": [],
                    "scsi29": [],
                    "scsi3": [],
                    "scsi30": [],
                    "scsi4": [],
                    "scsi5": [],
                    "scsi6": [],
                    "scsi7": [],
                    "scsi8": [],
                    "scsi9": []
                  }
                ],
                "virtio": []
              }
            ],
            "efidisk": [],
            "force_create": false,
            "force_recreate_on_change_of": null,
            "full_clone": true,
            "hagroup": "",
            "hastate": "",
            "hostpci": [],
            "hotplug": "network,disk",
            "id": "pvezfs/qemu/1002",
            "ipconfig0": "ip=192.168.1.52/24,gw=192.168.1.1",
            "ipconfig1": "",
            "ipconfig10": "",
            "ipconfig11": "",
            "ipconfig12": "",
            "ipconfig13": "",
            "ipconfig14": "",
            "ipconfig15": "",
            "ipconfig2": "",
            "ipconfig3": "",
            "ipconfig4": "",
            "ipconfig5": "",
            "ipconfig6": "",
            "ipconfig7": "",
            "ipconfig8": "",
            "ipconfig9": "",
            "kvm": true,
            "linked_vmid": 0,
            "machine": "",
            "memory": 8192,
            "name": "mkcontrol3",
            "nameserver": "192.168.1.1",
            "network": [
              {
                "bridge": "vmbr3",
                "firewall": false,
                "link_down": false,
                "macaddr": "76:9C:42:98:C2:A0",
                "model": "virtio",
                "mtu": 0,
                "queues": 0,
                "rate": 0,
                "tag": -1
              }
            ],
            "numa": false,
            "onboot": true,
            "os_network_config": null,
            "os_type": "cloud-init",
            "pool": "",
            "protection": false,
            "pxe": null,
            "qemu_os": "other",
            "reboot_required": false,
            "scsihw": "virtio-scsi-pci",
            "searchdomain": "",
            "serial": [],
            "skip_ipv4": false,
            "skip_ipv6": false,
            "smbios": [
              {
                "family": "",
                "manufacturer": "",
                "product": "",
                "serial": "",
                "sku": "",
                "uuid": "9dd8035f-3087-46c6-9362-8ac2193fe798",
                "version": ""
              }
            ],
            "sockets": 1,
            "ssh_forward_ip": null,
            "ssh_host": "192.168.1.52",
            "ssh_port": "22",
            "ssh_private_key": null,
            "ssh_user": null,
            "sshkeys": "ssh-rsa AAAAB3NzaC1yc2EAAAADAQABAAACAQDPfzPJ2VnRkd6sjXWHZZCAmVR0UiI7xsM/+5TAvqXvx/EWq2augVk75D30/yU9gBbvn1WZzvN5MtnX7MY9Uoy2GmVbrmB6X4P/RBl7mg/xff7FuTS/2CmH5peU1iU/r3t5E1d/Qph2zhoVEj5Qs5Y8Mv2/FVIeKgd+S6MTjy/yEJr1GXq3WqpKJTZwZ428zIgF55rJdWk0q9GQyPRBvpik+FfG5YNum5KN1lp+2YzbS2CM1igXfwK1c1rjkMFTgApru7G6W+zgSv9ngib0MtBKK6dcR2HXj6dA9ZPIM1pePiBPNlYOEKQWrVBpg21oDj/8LEqe8/Rc8s+fH0z4JX7/PdPKrIQsF04/Zp0Ylj4qcDS3vVXDi7FEPA5/rf/LswBTT5kANVzC2vwscH1PielvsfdHgJv0SEs4vWnrjuacwMBKC2Zq8uvPRfYJ8Md3gCHGnkfp/A8c7vC5JL19/EIwPuD+2HOmIeS02ZqEn5RCHJxiNx3P7Pp+gcJowCgFtfnx+lQrxNwazlDWNC8H+VYiZ7tJ7EELPo76KbD7kYsdOJfDKcEnShlwq8WhpVNBB4mW1fYcFwzAqYw+/QgrEBV4kEryNQZdhisvEQLGqQ4AOCeFJ8iiFg0ihZ+agUJlzq7gUA4ysenEHfPMPXg/TAoBlZSS5Yl+es+DYAoZdSmHIQ== root@mkcode\n\n",
            "startup": "",
            "tablet": true,
            "tags": "",
            "target_node": "pvezfs",
            "target_nodes": null,
            "timeouts": null,
            "unused_disk": [],
            "usb": [],
            "vcpus": 0,
            "vga": [
              {
                "memory": null,
                "type": "std"
              }
            ],
            "vm_state": "running",
            "vmid": 1002
          },
          "sensitive_attributes": [],
          "private": "eyJlMmJmYjczMC1lY2FhLTExZTYtOGY4OC0zNDM2M2JjN2M0YzAiOnsiY3JlYXRlIjoxMjAwMDAwMDAwMDAwLCJkZWZhdWx0IjoxMjAwMDAwMDAwMDAwLCJkZWxldGUiOjEyMDAwMDAwMDAwMDAsInJlYWQiOjEyMDAwMDAwMDAwMDAsInVwZGF0ZSI6MTIwMDAwMDAwMDAwMH19"
        }
      ]
    },
    {
      "mode": "managed",
      "type": "proxmox_vm_qemu",
      "name": "mkk8sworker",
      "provider": "provider[\"registry.opentofu.org/telmate/proxmox\"]",
      "instances": [
        {
          "index_key": 0,
          "schema_version": 0,
          "attributes": {
            "additional_wait": 5,
            "agent": 1,
            "agent_timeout": null,
            "args": "",
            "automatic_reboot": true,
            "balloon": 0,
            "bios": "seabios",
            "boot": "order=scsi0",
            "bootdisk": "",
            "ci_wait": null,
            "cicustom": "",
            "cipassword": "metaman",
            "ciuser": "metaman",
            "clone": "debian-12-cloudinit-template-mk",
            "clone_wait": 10,
            "cores": 8,
            "cpu": "host",
            "default_ipv4_address": "192.168.1.60",
            "default_ipv6_address": "",
            "define_connection_info": true,
            "desc": "k8s Worker Node",
            "disks": [
              {
                "ide": [
                  {
                    "ide0": [],
                    "ide1": [],
                    "ide2": [],
                    "ide3": [
                      {
                        "cdrom": [],
                        "cloudinit": [
                          {
                            "storage": "local-lvm"
                          }
                        ],
                        "disk": [],
                        "passthrough": []
                      }
                    ]
                  }
                ],
                "sata": [],
                "scsi": [
                  {
                    "scsi0": [
                      {
                        "cdrom": [],
                        "cloudinit": [],
                        "disk": [
                          {
                            "asyncio": "",
                            "backup": true,
                            "cache": "",
                            "discard": false,
                            "emulatessd": false,
                            "format": "raw",
                            "id": 0,
                            "iops_r_burst": 0,
                            "iops_r_burst_length": 0,
                            "iops_r_concurrent": 0,
                            "iops_wr_burst": 0,
                            "iops_wr_burst_length": 0,
                            "iops_wr_concurrent": 0,
                            "iothread": false,
                            "linked_disk_id": -1,
                            "mbps_r_burst": 0,
                            "mbps_r_concurrent": 0,
                            "mbps_wr_burst": 0,
                            "mbps_wr_concurrent": 0,
                            "readonly": false,
                            "replicate": false,
                            "serial": "",
                            "size": "128G",
                            "storage": "zfslocalseagate",
                            "wwn": ""
                          }
                        ],
                        "passthrough": []
                      }
                    ],
                    "scsi1": [],
                    "scsi10": [],
                    "scsi11": [],
                    "scsi12": [],
                    "scsi13": [],
                    "scsi14": [],
                    "scsi15": [],
                    "scsi16": [],
                    "scsi17": [],
                    "scsi18": [],
                    "scsi19": [],
                    "scsi2": [],
                    "scsi20": [],
                    "scsi21": [],
                    "scsi22": [],
                    "scsi23": [],
                    "scsi24": [],
                    "scsi25": [],
                    "scsi26": [],
                    "scsi27": [],
                    "scsi28": [],
                    "scsi29": [],
                    "scsi3": [],
                    "scsi30": [],
                    "scsi4": [],
                    "scsi5": [],
                    "scsi6": [],
                    "scsi7": [],
                    "scsi8": [],
                    "scsi9": []
                  }
                ],
                "virtio": []
              }
            ],
            "efidisk": [],
            "force_create": false,
            "force_recreate_on_change_of": null,
            "full_clone": true,
            "hagroup": "",
            "hastate": "",
            "hostpci": [],
            "hotplug": "network,disk",
            "id": "pvezfs/qemu/2000",
            "ipconfig0": "ip=192.168.1.60/24,gw=192.168.1.1",
            "ipconfig1": "",
            "ipconfig10": "",
            "ipconfig11": "",
            "ipconfig12": "",
            "ipconfig13": "",
            "ipconfig14": "",
            "ipconfig15": "",
            "ipconfig2": "",
            "ipconfig3": "",
            "ipconfig4": "",
            "ipconfig5": "",
            "ipconfig6": "",
            "ipconfig7": "",
            "ipconfig8": "",
            "ipconfig9": "",
            "kvm": true,
            "linked_vmid": 0,
            "machine": "",
            "memory": 32768,
            "name": "mkworker1",
            "nameserver": "192.168.1.1",
            "network": [
              {
                "bridge": "vmbr3",
                "firewall": false,
                "link_down": false,
                "macaddr": "EA:7A:B9:53:2B:78",
                "model": "virtio",
                "mtu": 0,
                "queues": 0,
                "rate": 0,
                "tag": -1
              }
            ],
            "numa": false,
            "onboot": true,
            "os_network_config": null,
            "os_type": "Linux",
            "pool": "",
            "protection": false,
            "pxe": null,
            "qemu_os": "other",
            "reboot_required": false,
            "scsihw": "virtio-scsi-pci",
            "searchdomain": "",
            "serial": [],
            "skip_ipv4": false,
            "skip_ipv6": false,
            "smbios": [
              {
                "family": "",
                "manufacturer": "",
                "product": "",
                "serial": "",
                "sku": "",
                "uuid": "54c18bb2-b09d-474c-af22-fcac9b0b5452",
                "version": ""
              }
            ],
            "sockets": 2,
            "ssh_forward_ip": null,
            "ssh_host": "192.168.1.60",
            "ssh_port": "22",
            "ssh_private_key": null,
            "ssh_user": null,
            "sshkeys": "ssh-rsa AAAAB3NzaC1yc2EAAAADAQABAAACAQDPfzPJ2VnRkd6sjXWHZZCAmVR0UiI7xsM/+5TAvqXvx/EWq2augVk75D30/yU9gBbvn1WZzvN5MtnX7MY9Uoy2GmVbrmB6X4P/RBl7mg/xff7FuTS/2CmH5peU1iU/r3t5E1d/Qph2zhoVEj5Qs5Y8Mv2/FVIeKgd+S6MTjy/yEJr1GXq3WqpKJTZwZ428zIgF55rJdWk0q9GQyPRBvpik+FfG5YNum5KN1lp+2YzbS2CM1igXfwK1c1rjkMFTgApru7G6W+zgSv9ngib0MtBKK6dcR2HXj6dA9ZPIM1pePiBPNlYOEKQWrVBpg21oDj/8LEqe8/Rc8s+fH0z4JX7/PdPKrIQsF04/Zp0Ylj4qcDS3vVXDi7FEPA5/rf/LswBTT5kANVzC2vwscH1PielvsfdHgJv0SEs4vWnrjuacwMBKC2Zq8uvPRfYJ8Md3gCHGnkfp/A8c7vC5JL19/EIwPuD+2HOmIeS02ZqEn5RCHJxiNx3P7Pp+gcJowCgFtfnx+lQrxNwazlDWNC8H+VYiZ7tJ7EELPo76KbD7kYsdOJfDKcEnShlwq8WhpVNBB4mW1fYcFwzAqYw+/QgrEBV4kEryNQZdhisvEQLGqQ4AOCeFJ8iiFg0ihZ+agUJlzq7gUA4ysenEHfPMPXg/TAoBlZSS5Yl+es+DYAoZdSmHIQ== root@mkcode\n\n",
            "startup": "",
            "tablet": true,
            "tags": "",
            "target_node": "pvezfs",
            "target_nodes": null,
            "timeouts": null,
            "unused_disk": [],
            "usb": [],
            "vcpus": 0,
            "vga": [
              {
                "memory": null,
                "type": "std"
              }
            ],
            "vm_state": "running",
            "vmid": 2000
          },
          "sensitive_attributes": [],
          "private": "eyJlMmJmYjczMC1lY2FhLTExZTYtOGY4OC0zNDM2M2JjN2M0YzAiOnsiY3JlYXRlIjoxMjAwMDAwMDAwMDAwLCJkZWZhdWx0IjoxMjAwMDAwMDAwMDAwLCJkZWxldGUiOjEyMDAwMDAwMDAwMDAsInJlYWQiOjEyMDAwMDAwMDAwMDAsInVwZGF0ZSI6MTIwMDAwMDAwMDAwMH19"
        },
        {
          "index_key": 1,
          "schema_version": 0,
          "attributes": {
            "additional_wait": 5,
            "agent": 1,
            "agent_timeout": null,
            "args": "",
            "automatic_reboot": true,
            "balloon": 0,
            "bios": "seabios",
            "boot": "order=scsi0",
            "bootdisk": "",
            "ci_wait": null,
            "cicustom": "",
            "cipassword": "metaman",
            "ciuser": "metaman",
            "clone": "debian-12-cloudinit-template-mk",
            "clone_wait": 10,
            "cores": 8,
            "cpu": "host",
            "default_ipv4_address": "192.168.1.61",
            "default_ipv6_address": "",
            "define_connection_info": true,
            "desc": "k8s Worker Node",
            "disks": [
              {
                "ide": [
                  {
                    "ide0": [],
                    "ide1": [],
                    "ide2": [],
                    "ide3": [
                      {
                        "cdrom": [],
                        "cloudinit": [
                          {
                            "storage": "local-lvm"
                          }
                        ],
                        "disk": [],
                        "passthrough": []
                      }
                    ]
                  }
                ],
                "sata": [],
                "scsi": [
                  {
                    "scsi0": [
                      {
                        "cdrom": [],
                        "cloudinit": [],
                        "disk": [
                          {
                            "asyncio": "",
                            "backup": true,
                            "cache": "",
                            "discard": false,
                            "emulatessd": false,
                            "format": "raw",
                            "id": 0,
                            "iops_r_burst": 0,
                            "iops_r_burst_length": 0,
                            "iops_r_concurrent": 0,
                            "iops_wr_burst": 0,
                            "iops_wr_burst_length": 0,
                            "iops_wr_concurrent": 0,
                            "iothread": false,
                            "linked_disk_id": -1,
                            "mbps_r_burst": 0,
                            "mbps_r_concurrent": 0,
                            "mbps_wr_burst": 0,
                            "mbps_wr_concurrent": 0,
                            "readonly": false,
                            "replicate": false,
                            "serial": "",
                            "size": "128G",
                            "storage": "zfslocalseagate",
                            "wwn": ""
                          }
                        ],
                        "passthrough": []
                      }
                    ],
                    "scsi1": [],
                    "scsi10": [],
                    "scsi11": [],
                    "scsi12": [],
                    "scsi13": [],
                    "scsi14": [],
                    "scsi15": [],
                    "scsi16": [],
                    "scsi17": [],
                    "scsi18": [],
                    "scsi19": [],
                    "scsi2": [],
                    "scsi20": [],
                    "scsi21": [],
                    "scsi22": [],
                    "scsi23": [],
                    "scsi24": [],
                    "scsi25": [],
                    "scsi26": [],
                    "scsi27": [],
                    "scsi28": [],
                    "scsi29": [],
                    "scsi3": [],
                    "scsi30": [],
                    "scsi4": [],
                    "scsi5": [],
                    "scsi6": [],
                    "scsi7": [],
                    "scsi8": [],
                    "scsi9": []
                  }
                ],
                "virtio": []
              }
            ],
            "efidisk": [],
            "force_create": false,
            "force_recreate_on_change_of": null,
            "full_clone": true,
            "hagroup": "",
            "hastate": "",
            "hostpci": [],
            "hotplug": "network,disk",
            "id": "pvezfs/qemu/2001",
            "ipconfig0": "ip=192.168.1.61/24,gw=192.168.1.1",
            "ipconfig1": "",
            "ipconfig10": "",
            "ipconfig11": "",
            "ipconfig12": "",
            "ipconfig13": "",
            "ipconfig14": "",
            "ipconfig15": "",
            "ipconfig2": "",
            "ipconfig3": "",
            "ipconfig4": "",
            "ipconfig5": "",
            "ipconfig6": "",
            "ipconfig7": "",
            "ipconfig8": "",
            "ipconfig9": "",
            "kvm": true,
            "linked_vmid": 0,
            "machine": "",
            "memory": 32768,
            "name": "mkworker2",
            "nameserver": "192.168.1.1",
            "network": [
              {
                "bridge": "vmbr3",
                "firewall": false,
                "link_down": false,
                "macaddr": "F6:F9:D4:99:1F:3A",
                "model": "virtio",
                "mtu": 0,
                "queues": 0,
                "rate": 0,
                "tag": -1
              }
            ],
            "numa": false,
            "onboot": true,
            "os_network_config": null,
            "os_type": "Linux",
            "pool": "",
            "protection": false,
            "pxe": null,
            "qemu_os": "other",
            "reboot_required": false,
            "scsihw": "virtio-scsi-pci",
            "searchdomain": "",
            "serial": [],
            "skip_ipv4": false,
            "skip_ipv6": false,
            "smbios": [
              {
                "family": "",
                "manufacturer": "",
                "product": "",
                "serial": "",
                "sku": "",
                "uuid": "cb7a7b60-f3a6-4cf2-9d9b-7a1c4285ad27",
                "version": ""
              }
            ],
            "sockets": 2,
            "ssh_forward_ip": null,
            "ssh_host": "192.168.1.61",
            "ssh_port": "22",
            "ssh_private_key": null,
            "ssh_user": null,
            "sshkeys": "ssh-rsa AAAAB3NzaC1yc2EAAAADAQABAAACAQDPfzPJ2VnRkd6sjXWHZZCAmVR0UiI7xsM/+5TAvqXvx/EWq2augVk75D30/yU9gBbvn1WZzvN5MtnX7MY9Uoy2GmVbrmB6X4P/RBl7mg/xff7FuTS/2CmH5peU1iU/r3t5E1d/Qph2zhoVEj5Qs5Y8Mv2/FVIeKgd+S6MTjy/yEJr1GXq3WqpKJTZwZ428zIgF55rJdWk0q9GQyPRBvpik+FfG5YNum5KN1lp+2YzbS2CM1igXfwK1c1rjkMFTgApru7G6W+zgSv9ngib0MtBKK6dcR2HXj6dA9ZPIM1pePiBPNlYOEKQWrVBpg21oDj/8LEqe8/Rc8s+fH0z4JX7/PdPKrIQsF04/Zp0Ylj4qcDS3vVXDi7FEPA5/rf/LswBTT5kANVzC2vwscH1PielvsfdHgJv0SEs4vWnrjuacwMBKC2Zq8uvPRfYJ8Md3gCHGnkfp/A8c7vC5JL19/EIwPuD+2HOmIeS02ZqEn5RCHJxiNx3P7Pp+gcJowCgFtfnx+lQrxNwazlDWNC8H+VYiZ7tJ7EELPo76KbD7kYsdOJfDKcEnShlwq8WhpVNBB4mW1fYcFwzAqYw+/QgrEBV4kEryNQZdhisvEQLGqQ4AOCeFJ8iiFg0ihZ+agUJlzq7gUA4ysenEHfPMPXg/TAoBlZSS5Yl+es+DYAoZdSmHIQ== root@mkcode\n\n",
            "startup": "",
            "tablet": true,
            "tags": "",
            "target_node": "pvezfs",
            "target_nodes": null,
            "timeouts": null,
            "unused_disk": [],
            "usb": [],
            "vcpus": 0,
            "vga": [
              {
                "memory": null,
                "type": "std"
              }
            ],
            "vm_state": "running",
            "vmid": 2001
          },
          "sensitive_attributes": [],
          "private": "eyJlMmJmYjczMC1lY2FhLTExZTYtOGY4OC0zNDM2M2JjN2M0YzAiOnsiY3JlYXRlIjoxMjAwMDAwMDAwMDAwLCJkZWZhdWx0IjoxMjAwMDAwMDAwMDAwLCJkZWxldGUiOjEyMDAwMDAwMDAwMDAsInJlYWQiOjEyMDAwMDAwMDAwMDAsInVwZGF0ZSI6MTIwMDAwMDAwMDAwMH19"
        },
        {
          "index_key": 2,
          "schema_version": 0,
          "attributes": {
            "additional_wait": 5,
            "agent": 1,
            "agent_timeout": null,
            "args": "",
            "automatic_reboot": true,
            "balloon": 0,
            "bios": "seabios",
            "boot": "order=scsi0",
            "bootdisk": "",
            "ci_wait": null,
            "cicustom": "",
            "cipassword": "metaman",
            "ciuser": "metaman",
            "clone": "debian-12-cloudinit-template-mk",
            "clone_wait": 10,
            "cores": 8,
            "cpu": "host",
            "default_ipv4_address": "192.168.1.62",
            "default_ipv6_address": "",
            "define_connection_info": true,
            "desc": "k8s Worker Node",
            "disks": [
              {
                "ide": [
                  {
                    "ide0": [],
                    "ide1": [],
                    "ide2": [],
                    "ide3": [
                      {
                        "cdrom": [],
                        "cloudinit": [
                          {
                            "storage": "local-lvm"
                          }
                        ],
                        "disk": [],
                        "passthrough": []
                      }
                    ]
                  }
                ],
                "sata": [],
                "scsi": [
                  {
                    "scsi0": [
                      {
                        "cdrom": [],
                        "cloudinit": [],
                        "disk": [
                          {
                            "asyncio": "",
                            "backup": true,
                            "cache": "",
                            "discard": false,
                            "emulatessd": false,
                            "format": "raw",
                            "id": 0,
                            "iops_r_burst": 0,
                            "iops_r_burst_length": 0,
                            "iops_r_concurrent": 0,
                            "iops_wr_burst": 0,
                            "iops_wr_burst_length": 0,
                            "iops_wr_concurrent": 0,
                            "iothread": false,
                            "linked_disk_id": -1,
                            "mbps_r_burst": 0,
                            "mbps_r_concurrent": 0,
                            "mbps_wr_burst": 0,
                            "mbps_wr_concurrent": 0,
                            "readonly": false,
                            "replicate": false,
                            "serial": "",
                            "size": "128G",
                            "storage": "zfslocalseagate",
                            "wwn": ""
                          }
                        ],
                        "passthrough": []
                      }
                    ],
                    "scsi1": [],
                    "scsi10": [],
                    "scsi11": [],
                    "scsi12": [],
                    "scsi13": [],
                    "scsi14": [],
                    "scsi15": [],
                    "scsi16": [],
                    "scsi17": [],
                    "scsi18": [],
                    "scsi19": [],
                    "scsi2": [],
                    "scsi20": [],
                    "scsi21": [],
                    "scsi22": [],
                    "scsi23": [],
                    "scsi24": [],
                    "scsi25": [],
                    "scsi26": [],
                    "scsi27": [],
                    "scsi28": [],
                    "scsi29": [],
                    "scsi3": [],
                    "scsi30": [],
                    "scsi4": [],
                    "scsi5": [],
                    "scsi6": [],
                    "scsi7": [],
                    "scsi8": [],
                    "scsi9": []
                  }
                ],
                "virtio": []
              }
            ],
            "efidisk": [],
            "force_create": false,
            "force_recreate_on_change_of": null,
            "full_clone": true,
            "hagroup": "",
            "hastate": "",
            "hostpci": [],
            "hotplug": "network,disk",
            "id": "pvezfs/qemu/2002",
            "ipconfig0": "ip=192.168.1.62/24,gw=192.168.1.1",
            "ipconfig1": "",
            "ipconfig10": "",
            "ipconfig11": "",
            "ipconfig12": "",
            "ipconfig13": "",
            "ipconfig14": "",
            "ipconfig15": "",
            "ipconfig2": "",
            "ipconfig3": "",
            "ipconfig4": "",
            "ipconfig5": "",
            "ipconfig6": "",
            "ipconfig7": "",
            "ipconfig8": "",
            "ipconfig9": "",
            "kvm": true,
            "linked_vmid": 0,
            "machine": "",
            "memory": 32768,
            "name": "mkworker3",
            "nameserver": "192.168.1.1",
            "network": [
              {
                "bridge": "vmbr3",
                "firewall": false,
                "link_down": false,
                "macaddr": "1E:94:E4:26:47:DE",
                "model": "virtio",
                "mtu": 0,
                "queues": 0,
                "rate": 0,
                "tag": -1
              }
            ],
            "numa": false,
            "onboot": true,
            "os_network_config": null,
            "os_type": "Linux",
            "pool": "",
            "protection": false,
            "pxe": null,
            "qemu_os": "other",
            "reboot_required": false,
            "scsihw": "virtio-scsi-pci",
            "searchdomain": "",
            "serial": [],
            "skip_ipv4": false,
            "skip_ipv6": false,
            "smbios": [
              {
                "family": "",
                "manufacturer": "",
                "product": "",
                "serial": "",
                "sku": "",
                "uuid": "bb266299-f493-461f-9aba-1c0cc86ebc61",
                "version": ""
              }
            ],
            "sockets": 2,
            "ssh_forward_ip": null,
            "ssh_host": "192.168.1.62",
            "ssh_port": "22",
            "ssh_private_key": null,
            "ssh_user": null,
            "sshkeys": "ssh-rsa AAAAB3NzaC1yc2EAAAADAQABAAACAQDPfzPJ2VnRkd6sjXWHZZCAmVR0UiI7xsM/+5TAvqXvx/EWq2augVk75D30/yU9gBbvn1WZzvN5MtnX7MY9Uoy2GmVbrmB6X4P/RBl7mg/xff7FuTS/2CmH5peU1iU/r3t5E1d/Qph2zhoVEj5Qs5Y8Mv2/FVIeKgd+S6MTjy/yEJr1GXq3WqpKJTZwZ428zIgF55rJdWk0q9GQyPRBvpik+FfG5YNum5KN1lp+2YzbS2CM1igXfwK1c1rjkMFTgApru7G6W+zgSv9ngib0MtBKK6dcR2HXj6dA9ZPIM1pePiBPNlYOEKQWrVBpg21oDj/8LEqe8/Rc8s+fH0z4JX7/PdPKrIQsF04/Zp0Ylj4qcDS3vVXDi7FEPA5/rf/LswBTT5kANVzC2vwscH1PielvsfdHgJv0SEs4vWnrjuacwMBKC2Zq8uvPRfYJ8Md3gCHGnkfp/A8c7vC5JL19/EIwPuD+2HOmIeS02ZqEn5RCHJxiNx3P7Pp+gcJowCgFtfnx+lQrxNwazlDWNC8H+VYiZ7tJ7EELPo76KbD7kYsdOJfDKcEnShlwq8WhpVNBB4mW1fYcFwzAqYw+/QgrEBV4kEryNQZdhisvEQLGqQ4AOCeFJ8iiFg0ihZ+agUJlzq7gUA4ysenEHfPMPXg/TAoBlZSS5Yl+es+DYAoZdSmHIQ== root@mkcode\n\n",
            "startup": "",
            "tablet": true,
            "tags": "",
            "target_node": "pvezfs",
            "target_nodes": null,
            "timeouts": null,
            "unused_disk": [],
            "usb": [],
            "vcpus": 0,
            "vga": [
              {
                "memory": null,
                "type": "std"
              }
            ],
            "vm_state": "running",
            "vmid": 2002
          },
          "sensitive_attributes": [],
          "private": "eyJlMmJmYjczMC1lY2FhLTExZTYtOGY4OC0zNDM2M2JjN2M0YzAiOnsiY3JlYXRlIjoxMjAwMDAwMDAwMDAwLCJkZWZhdWx0IjoxMjAwMDAwMDAwMDAwLCJkZWxldGUiOjEyMDAwMDAwMDAwMDAsInJlYWQiOjEyMDAwMDAwMDAwMDAsInVwZGF0ZSI6MTIwMDAwMDAwMDAwMH19"
        }
      ]
    }
  ],
  "check_results": null
}
